
Microsoft Visual Studio Solution File, Format Version 12.00
# Visual Studio Version 17
VisualStudioVersion = 17.0.31903.59
MinimumVisualStudioVersion = 10.0.40219.1
Project("{9A19103F-16F7-4668-BE54-9A1E7A4F7556}") = "_build", "build\_build.csproj", "{4BB32A49-007F-46E6-9060-6D14692A9C3A}"
EndProject
Project("{2150E333-8FDC-42A3-9474-1A3956D46DE8}") = "src", "src", "{1A69C61B-3090-43F2-B9DB-A54484C73874}"
EndProject
Project("{FAE04EC0-301F-11D3-BF4B-00C04F79EFBC}") = "Dvchevskii.Result", "src\Dvchevskii.Result\Dvchevskii.Result.csproj", "{740EED7F-C84C-46FE-89E3-5F0EFC36B874}"
EndProject
Project("{2150E333-8FDC-42A3-9474-1A3956D46DE8}") = "test", "test", "{EBB5C275-1A1B-46B5-96D0-8E6DE8401F5C}"
EndProject
Project("{FAE04EC0-301F-11D3-BF4B-00C04F79EFBC}") = "Dvchevskii.Result.Tests", "test\Dvchevskii.Result.Tests\Dvchevskii.Result.Tests.csproj", "{B18CBF43-FB09-4776-B0BA-FE22C8F2B844}"
EndProject
Project("{FAE04EC0-301F-11D3-BF4B-00C04F79EFBC}") = "Dvchevskii.Result.Extensions.Optional", "src\Dvchevskii.Result.Extensions.Optional\Dvchevskii.Result.Extensions.Optional.csproj", "{E4054BB6-3B95-4410-814A-A621A9936C89}"
EndProject
Project("{FAE04EC0-301F-11D3-BF4B-00C04F79EFBC}") = "Dvchevskii.Result.Extensions.Optional.Tests", "test\Dvchevskii.Result.Extensions.Optional.Tests\Dvchevskii.Result.Extensions.Optional.Tests.csproj", "{211332FC-A77B-45F6-9E95-AE5768FF9759}"
EndProject
Project("{FAE04EC0-301F-11D3-BF4B-00C04F79EFBC}") = "Dvchevskii.Result.Extensions.Async", "src\Dvchevskii.Result.Extensions.Async\Dvchevskii.Result.Extensions.Async.csproj", "{36D0C228-6E50-48E7-9966-0E4D6400C7C2}"
EndProject
Project("{FAE04EC0-301F-11D3-BF4B-00C04F79EFBC}") = "Dvchevskii.Result.Extensions.Async.Tests", "test\Dvchevskii.Result.Extensions.Async.Tests\Dvchevskii.Result.Extensions.Async.Tests.csproj", "{670E827B-FCD2-45CE-BD5B-BCC1EF9284BF}"
EndProject
Global
	GlobalSection(SolutionConfigurationPlatforms) = preSolution
		Debug|Any CPU = Debug|Any CPU
		Release|Any CPU = Release|Any CPU
	EndGlobalSection
	GlobalSection(ProjectConfigurationPlatforms) = postSolution
		{4BB32A49-007F-46E6-9060-6D14692A9C3A}.Debug|Any CPU.ActiveCfg = Debug|Any CPU
		{4BB32A49-007F-46E6-9060-6D14692A9C3A}.Release|Any CPU.ActiveCfg = Release|Any CPU
		{740EED7F-C84C-46FE-89E3-5F0EFC36B874}.Debug|Any CPU.ActiveCfg = Debug|Any CPU
		{740EED7F-C84C-46FE-89E3-5F0EFC36B874}.Debug|Any CPU.Build.0 = Debug|Any CPU
		{740EED7F-C84C-46FE-89E3-5F0EFC36B874}.Release|Any CPU.ActiveCfg = Release|Any CPU
		{740EED7F-C84C-46FE-89E3-5F0EFC36B874}.Release|Any CPU.Build.0 = Release|Any CPU
		{B18CBF43-FB09-4776-B0BA-FE22C8F2B844}.Debug|Any CPU.ActiveCfg = Debug|Any CPU
		{B18CBF43-FB09-4776-B0BA-FE22C8F2B844}.Debug|Any CPU.Build.0 = Debug|Any CPU
		{B18CBF43-FB09-4776-B0BA-FE22C8F2B844}.Release|Any CPU.ActiveCfg = Release|Any CPU
		{B18CBF43-FB09-4776-B0BA-FE22C8F2B844}.Release|Any CPU.Build.0 = Release|Any CPU
		{E4054BB6-3B95-4410-814A-A621A9936C89}.Debug|Any CPU.ActiveCfg = Debug|Any CPU
		{E4054BB6-3B95-4410-814A-A621A9936C89}.Debug|Any CPU.Build.0 = Debug|Any CPU
		{E4054BB6-3B95-4410-814A-A621A9936C89}.Release|Any CPU.ActiveCfg = Release|Any CPU
		{E4054BB6-3B95-4410-814A-A621A9936C89}.Release|Any CPU.Build.0 = Release|Any CPU
		{211332FC-A77B-45F6-9E95-AE5768FF9759}.Debug|Any CPU.ActiveCfg = Debug|Any CPU
		{211332FC-A77B-45F6-9E95-AE5768FF9759}.Debug|Any CPU.Build.0 = Debug|Any CPU
		{211332FC-A77B-45F6-9E95-AE5768FF9759}.Release|Any CPU.ActiveCfg = Release|Any CPU
		{211332FC-A77B-45F6-9E95-AE5768FF9759}.Release|Any CPU.Build.0 = Release|Any CPU
		{36D0C228-6E50-48E7-9966-0E4D6400C7C2}.Debug|Any CPU.ActiveCfg = Debug|Any CPU
		{36D0C228-6E50-48E7-9966-0E4D6400C7C2}.Debug|Any CPU.Build.0 = Debug|Any CPU
		{36D0C228-6E50-48E7-9966-0E4D6400C7C2}.Release|Any CPU.ActiveCfg = Release|Any CPU
		{36D0C228-6E50-48E7-9966-0E4D6400C7C2}.Release|Any CPU.Build.0 = Release|Any CPU
		{670E827B-FCD2-45CE-BD5B-BCC1EF9284BF}.Debug|Any CPU.ActiveCfg = Debug|Any CPU
		{670E827B-FCD2-45CE-BD5B-BCC1EF9284BF}.Debug|Any CPU.Build.0 = Debug|Any CPU
		{670E827B-FCD2-45CE-BD5B-BCC1EF9284BF}.Release|Any CPU.ActiveCfg = Release|Any CPU
		{670E827B-FCD2-45CE-BD5B-BCC1EF9284BF}.Release|Any CPU.Build.0 = Release|Any CPU
	EndGlobalSection
	GlobalSection(SolutionProperties) = preSolution
		HideSolutionNode = FALSE
	EndGlobalSection
	GlobalSection(NestedProjects) = preSolution
		{740EED7F-C84C-46FE-89E3-5F0EFC36B874} = {1A69C61B-3090-43F2-B9DB-A54484C73874}
		{B18CBF43-FB09-4776-B0BA-FE22C8F2B844} = {EBB5C275-1A1B-46B5-96D0-8E6DE8401F5C}
		{E4054BB6-3B95-4410-814A-A621A9936C89} = {1A69C61B-3090-43F2-B9DB-A54484C73874}
		{211332FC-A77B-45F6-9E95-AE5768FF9759} = {EBB5C275-1A1B-46B5-96D0-8E6DE8401F5C}
		{36D0C228-6E50-48E7-9966-0E4D6400C7C2} = {1A69C61B-3090-43F2-B9DB-A54484C73874}
		{670E827B-FCD2-45CE-BD5B-BCC1EF9284BF} = {EBB5C275-1A1B-46B5-96D0-8E6DE8401F5C}
	EndGlobalSection
EndGlobal
